
Microsoft Visual Studio Solution File, Format Version 12.00
# Visual Studio Version 17
VisualStudioVersion = 17.6.33815.320
MinimumVisualStudioVersion = 10.0.40219.1
Project("{9A19103F-16F7-4668-BE54-9A1E7A4F7556}") = "TwvmApp", "Source\TwvmApp\TwvmApp.csproj", "{55BCABE1-6A9D-4016-9DED-CB5A266C7651}"
EndProject
Project("{9A19103F-16F7-4668-BE54-9A1E7A4F7556}") = "TwvmLib", "Source\TwvmLib\TwvmLib.csproj", "{62011D45-CA1E-4F15-B3E9-419E4ED71467}"
EndProject
Project("{9A19103F-16F7-4668-BE54-9A1E7A4F7556}") = "SpeechLib", "Source\SpeechLib\SpeechLib.csproj", "{AB499546-C316-4E70-88C9-C3AE315AE2EA}"
EndProject
Project("{FAE04EC0-301F-11D3-BF4B-00C04F79EFBC}") = "TerminalLib", "Source\Terminal\TerminalLib.csproj", "{55FB4317-A1CE-4CFB-A221-16BBE835F5EC}"
EndProject
Global
	GlobalSection(SolutionConfigurationPlatforms) = preSolution
		Debug|Any CPU = Debug|Any CPU
		Release|Any CPU = Release|Any CPU
	EndGlobalSection
	GlobalSection(ProjectConfigurationPlatforms) = postSolution
		{55BCABE1-6A9D-4016-9DED-CB5A266C7651}.Debug|Any CPU.ActiveCfg = Debug|Any CPU
		{55BCABE1-6A9D-4016-9DED-CB5A266C7651}.Debug|Any CPU.Build.0 = Debug|Any CPU
		{55BCABE1-6A9D-4016-9DED-CB5A266C7651}.Release|Any CPU.ActiveCfg = Release|Any CPU
		{55BCABE1-6A9D-4016-9DED-CB5A266C7651}.Release|Any CPU.Build.0 = Release|Any CPU
		{62011D45-CA1E-4F15-B3E9-419E4ED71467}.Debug|Any CPU.ActiveCfg = Debug|Any CPU
		{62011D45-CA1E-4F15-B3E9-419E4ED71467}.Debug|Any CPU.Build.0 = Debug|Any CPU
		{62011D45-CA1E-4F15-B3E9-419E4ED71467}.Release|Any CPU.ActiveCfg = Release|Any CPU
		{62011D45-CA1E-4F15-B3E9-419E4ED71467}.Release|Any CPU.Build.0 = Release|Any CPU
		{AB499546-C316-4E70-88C9-C3AE315AE2EA}.Debug|Any CPU.ActiveCfg = Debug|Any CPU
		{AB499546-C316-4E70-88C9-C3AE315AE2EA}.Debug|Any CPU.Build.0 = Debug|Any CPU
		{AB499546-C316-4E70-88C9-C3AE315AE2EA}.Release|Any CPU.ActiveCfg = Release|Any CPU
		{AB499546-C316-4E70-88C9-C3AE315AE2EA}.Release|Any CPU.Build.0 = Release|Any CPU
		{55FB4317-A1CE-4CFB-A221-16BBE835F5EC}.Debug|Any CPU.ActiveCfg = Debug|Any CPU
		{55FB4317-A1CE-4CFB-A221-16BBE835F5EC}.Debug|Any CPU.Build.0 = Debug|Any CPU
		{55FB4317-A1CE-4CFB-A221-16BBE835F5EC}.Release|Any CPU.ActiveCfg = Release|Any CPU
		{55FB4317-A1CE-4CFB-A221-16BBE835F5EC}.Release|Any CPU.Build.0 = Release|Any CPU
	EndGlobalSection
	GlobalSection(SolutionProperties) = preSolution
		HideSolutionNode = FALSE
	EndGlobalSection
	GlobalSection(ExtensibilityGlobals) = postSolution
		SolutionGuid = {0216EAA9-0134-4197-8FF4-228A4413C5A4}
	EndGlobalSection
EndGlobal
